
Microsoft Visual Studio Solution File, Format Version 12.00
# Visual Studio Version 17
VisualStudioVersion = 17.5.002.0
MinimumVisualStudioVersion = 10.0.40219.1
Project("{9A19103F-16F7-4668-BE54-9A1E7A4F7556}") = "StopWatch", "StopWatch.csproj", "{D91F232C-EA98-4756-8D67-0C6FE1EE361D}"
EndProject
Global
	GlobalSection(SolutionConfigurationPlatforms) = preSolution
		Debug|Any CPU = Debug|Any CPU
		Release|Any CPU = Release|Any CPU
	EndGlobalSection
	GlobalSection(ProjectConfigurationPlatforms) = postSolution
		{D91F232C-EA98-4756-8D67-0C6FE1EE361D}.Debug|Any CPU.ActiveCfg = Debug|Any CPU
		{D91F232C-EA98-4756-8D67-0C6FE1EE361D}.Debug|Any CPU.Build.0 = Debug|Any CPU
		{D91F232C-EA98-4756-8D67-0C6FE1EE361D}.Release|Any CPU.ActiveCfg = Release|Any CPU
		{D91F232C-EA98-4756-8D67-0C6FE1EE361D}.Release|Any CPU.Build.0 = Release|Any CPU
	EndGlobalSection
	GlobalSection(SolutionProperties) = preSolution
		HideSolutionNode = FALSE
	EndGlobalSection
	GlobalSection(ExtensibilityGlobals) = postSolution
		SolutionGuid = {21F1B99B-D586-4E40-B65D-885E7CBF9C3B}
	EndGlobalSection
EndGlobal
